// !$*UTF8*$!
{
	archiveVersion = 1;
	classes = {
	};
	objectVersion = 55;
	objects = {

/* Begin PBXBuildFile section */
		67BA3DC128C8749D0033EDFB /* LPSwiftyLib.docc in Sources */ = {isa = PBXBuildFile; fileRef = 67BA3DC028C8749D0033EDFB /* LPSwiftyLib.docc */; };
		67BA3DC728C8749D0033EDFB /* LPSwiftyLib.framework in Frameworks */ = {isa = PBXBuildFile; fileRef = 67BA3DBC28C8749D0033EDFB /* LPSwiftyLib.framework */; };
		67BA3DCC28C8749D0033EDFB /* LPSwiftyLibTests.swift in Sources */ = {isa = PBXBuildFile; fileRef = 67BA3DCB28C8749D0033EDFB /* LPSwiftyLibTests.swift */; };
		67BA3DCD28C8749D0033EDFB /* LPSwiftyLib.h in Headers */ = {isa = PBXBuildFile; fileRef = 67BA3DBF28C8749D0033EDFB /* LPSwiftyLib.h */; settings = {ATTRIBUTES = (Public, ); }; };
/* End PBXBuildFile section */

/* Begin PBXContainerItemProxy section */
		67BA3DC828C8749D0033EDFB /* PBXContainerItemProxy */ = {
			isa = PBXContainerItemProxy;
			containerPortal = 67BA3DB328C8749D0033EDFB /* Project object */;
			proxyType = 1;
			remoteGlobalIDString = 67BA3DBB28C8749D0033EDFB;
			remoteInfo = LPSwiftyLib;
		};
/* End PBXContainerItemProxy section */

/* Begin PBXFileReference section */
		67BA3DBC28C8749D0033EDFB /* LPSwiftyLib.framework */ = {isa = PBXFileReference; explicitFileType = wrapper.framework; includeInIndex = 0; path = LPSwiftyLib.framework; sourceTree = BUILT_PRODUCTS_DIR; };
		67BA3DBF28C8749D0033EDFB /* LPSwiftyLib.h */ = {isa = PBXFileReference; lastKnownFileType = sourcecode.c.h; path = LPSwiftyLib.h; sourceTree = "<group>"; };
		67BA3DC028C8749D0033EDFB /* LPSwiftyLib.docc */ = {isa = PBXFileReference; lastKnownFileType = folder.documentationcatalog; path = LPSwiftyLib.docc; sourceTree = "<group>"; };
		67BA3DC628C8749D0033EDFB /* LPSwiftyLibTests.xctest */ = {isa = PBXFileReference; explicitFileType = wrapper.cfbundle; includeInIndex = 0; path = LPSwiftyLibTests.xctest; sourceTree = BUILT_PRODUCTS_DIR; };
		67BA3DCB28C8749D0033EDFB /* LPSwiftyLibTests.swift */ = {isa = PBXFileReference; lastKnownFileType = sourcecode.swift; path = LPSwiftyLibTests.swift; sourceTree = "<group>"; };
/* End PBXFileReference section */

/* Begin PBXFrameworksBuildPhase section */
		67BA3DB928C8749D0033EDFB /* Frameworks */ = {
			isa = PBXFrameworksBuildPhase;
			buildActionMask = 2147483647;
			files = (
			);
			runOnlyForDeploymentPostprocessing = 0;
		};
		67BA3DC328C8749D0033EDFB /* Frameworks */ = {
			isa = PBXFrameworksBuildPhase;
			buildActionMask = 2147483647;
			files = (
				67BA3DC728C8749D0033EDFB /* LPSwiftyLib.framework in Frameworks */,
			);
			runOnlyForDeploymentPostprocessing = 0;
		};
/* End PBXFrameworksBuildPhase section */

/* Begin PBXGroup section */
		67BA3DB228C8749D0033EDFB = {
			isa = PBXGroup;
			children = (
				67BA3DBE28C8749D0033EDFB /* LPSwiftyLib */,
				67BA3DCA28C8749D0033EDFB /* LPSwiftyLibTests */,
				67BA3DBD28C8749D0033EDFB /* Products */,
			);
			sourceTree = "<group>";
		};
		67BA3DBD28C8749D0033EDFB /* Products */ = {
			isa = PBXGroup;
			children = (
				67BA3DBC28C8749D0033EDFB /* LPSwiftyLib.framework */,
				67BA3DC628C8749D0033EDFB /* LPSwiftyLibTests.xctest */,
			);
			name = Products;
			sourceTree = "<group>";
		};
		67BA3DBE28C8749D0033EDFB /* LPSwiftyLib */ = {
			isa = PBXGroup;
			children = (
				67BA3DBF28C8749D0033EDFB /* LPSwiftyLib.h */,
				67BA3DC028C8749D0033EDFB /* LPSwiftyLib.docc */,
			);
			path = LPSwiftyLib;
			sourceTree = "<group>";
		};
		67BA3DCA28C8749D0033EDFB /* LPSwiftyLibTests */ = {
			isa = PBXGroup;
			children = (
				67BA3DCB28C8749D0033EDFB /* LPSwiftyLibTests.swift */,
			);
			path = LPSwiftyLibTests;
			sourceTree = "<group>";
		};
/* End PBXGroup section */

/* Begin PBXHeadersBuildPhase section */
		67BA3DB728C8749D0033EDFB /* Headers */ = {
			isa = PBXHeadersBuildPhase;
			buildActionMask = 2147483647;
			files = (
				67BA3DCD28C8749D0033EDFB /* LPSwiftyLib.h in Headers */,
			);
			runOnlyForDeploymentPostprocessing = 0;
		};
/* End PBXHeadersBuildPhase section */

/* Begin PBXNativeTarget section */
		67BA3DBB28C8749D0033EDFB /* LPSwiftyLib */ = {
			isa = PBXNativeTarget;
			buildConfigurationList = 67BA3DD028C8749D0033EDFB /* Build configuration list for PBXNativeTarget "LPSwiftyLib" */;
			buildPhases = (
				67BA3DB728C8749D0033EDFB /* Headers */,
				67BA3DB828C8749D0033EDFB /* Sources */,
				67BA3DB928C8749D0033EDFB /* Frameworks */,
				67BA3DBA28C8749D0033EDFB /* Resources */,
			);
			buildRules = (
			);
			dependencies = (
			);
			name = LPSwiftyLib;
			productName = LPSwiftyLib;
			productReference = 67BA3DBC28C8749D0033EDFB /* LPSwiftyLib.framework */;
			productType = "com.apple.product-type.framework";
		};
		67BA3DC528C8749D0033EDFB /* LPSwiftyLibTests */ = {
			isa = PBXNativeTarget;
			buildConfigurationList = 67BA3DD328C8749D0033EDFB /* Build configuration list for PBXNativeTarget "LPSwiftyLibTests" */;
			buildPhases = (
				67BA3DC228C8749D0033EDFB /* Sources */,
				67BA3DC328C8749D0033EDFB /* Frameworks */,
				67BA3DC428C8749D0033EDFB /* Resources */,
			);
			buildRules = (
			);
			dependencies = (
				67BA3DC928C8749D0033EDFB /* PBXTargetDependency */,
			);
			name = LPSwiftyLibTests;
			productName = LPSwiftyLibTests;
			productReference = 67BA3DC628C8749D0033EDFB /* LPSwiftyLibTests.xctest */;
			productType = "com.apple.product-type.bundle.unit-test";
		};
/* End PBXNativeTarget section */

/* Begin PBXProject section */
		67BA3DB328C8749D0033EDFB /* Project object */ = {
			isa = PBXProject;
			attributes = {
				BuildIndependentTargetsInParallel = 1;
				LastSwiftUpdateCheck = 1320;
				LastUpgradeCheck = 1320;
				TargetAttributes = {
					67BA3DBB28C8749D0033EDFB = {
						CreatedOnToolsVersion = 13.2.1;
					};
					67BA3DC528C8749D0033EDFB = {
						CreatedOnToolsVersion = 13.2.1;
					};
				};
			};
			buildConfigurationList = 67BA3DB628C8749D0033EDFB /* Build configuration list for PBXProject "LPSwiftyLib" */;
			compatibilityVersion = "Xcode 13.0";
			developmentRegion = en;
			hasScannedForEncodings = 0;
			knownRegions = (
				en,
				Base,
			);
			mainGroup = 67BA3DB228C8749D0033EDFB;
			productRefGroup = 67BA3DBD28C8749D0033EDFB /* Products */;
			projectDirPath = "";
			projectRoot = "";
			targets = (
				67BA3DBB28C8749D0033EDFB /* LPSwiftyLib */,
				67BA3DC528C8749D0033EDFB /* LPSwiftyLibTests */,
			);
		};
/* End PBXProject section */

/* Begin PBXResourcesBuildPhase section */
		67BA3DBA28C8749D0033EDFB /* Resources */ = {
			isa = PBXResourcesBuildPhase;
			buildActionMask = 2147483647;
			files = (
			);
			runOnlyForDeploymentPostprocessing = 0;
		};
		67BA3DC428C8749D0033EDFB /* Resources */ = {
			isa = PBXResourcesBuildPhase;
			buildActionMask = 2147483647;
			files = (
			);
			runOnlyForDeploymentPostprocessing = 0;
		};
/* End PBXResourcesBuildPhase section */

/* Begin PBXSourcesBuildPhase section */
		67BA3DB828C8749D0033EDFB /* Sources */ = {
			isa = PBXSourcesBuildPhase;
			buildActionMask = 2147483647;
			files = (
				67BA3DC128C8749D0033EDFB /* LPSwiftyLib.docc in Sources */,
			);
			runOnlyForDeploymentPostprocessing = 0;
		};
		67BA3DC228C8749D0033EDFB /* Sources */ = {
			isa = PBXSourcesBuildPhase;
			buildActionMask = 2147483647;
			files = (
				67BA3DCC28C8749D0033EDFB /* LPSwiftyLibTests.swift in Sources */,
			);
			runOnlyForDeploymentPostprocessing = 0;
		};
/* End PBXSourcesBuildPhase section */

/* Begin PBXTargetDependency section */
		67BA3DC928C8749D0033EDFB /* PBXTargetDependency */ = {
			isa = PBXTargetDependency;
			target = 67BA3DBB28C8749D0033EDFB /* LPSwiftyLib */;
			targetProxy = 67BA3DC828C8749D0033EDFB /* PBXContainerItemProxy */;
		};
/* End PBXTargetDependency section */

/* Begin XCBuildConfiguration section */
		67BA3DCE28C8749D0033EDFB /* Debug */ = {
			isa = XCBuildConfiguration;
			buildSettings = {
				ALWAYS_SEARCH_USER_PATHS = NO;
				CLANG_ANALYZER_NONNULL = YES;
				CLANG_ANALYZER_NUMBER_OBJECT_CONVERSION = YES_AGGRESSIVE;
				CLANG_CXX_LANGUAGE_STANDARD = "gnu++17";
				CLANG_CXX_LIBRARY = "libc++";
				CLANG_ENABLE_MODULES = YES;
				CLANG_ENABLE_OBJC_ARC = YES;
				CLANG_ENABLE_OBJC_WEAK = YES;
				CLANG_WARN_BLOCK_CAPTURE_AUTORELEASING = YES;
				CLANG_WARN_BOOL_CONVERSION = YES;
				CLANG_WARN_COMMA = YES;
				CLANG_WARN_CONSTANT_CONVERSION = YES;
				CLANG_WARN_DEPRECATED_OBJC_IMPLEMENTATIONS = YES;
				CLANG_WARN_DIRECT_OBJC_ISA_USAGE = YES_ERROR;
				CLANG_WARN_DOCUMENTATION_COMMENTS = YES;
				CLANG_WARN_EMPTY_BODY = YES;
				CLANG_WARN_ENUM_CONVERSION = YES;
				CLANG_WARN_INFINITE_RECURSION = YES;
				CLANG_WARN_INT_CONVERSION = YES;
				CLANG_WARN_NON_LITERAL_NULL_CONVERSION = YES;
				CLANG_WARN_OBJC_IMPLICIT_RETAIN_SELF = YES;
				CLANG_WARN_OBJC_LITERAL_CONVERSION = YES;
				CLANG_WARN_OBJC_ROOT_CLASS = YES_ERROR;
				CLANG_WARN_QUOTED_INCLUDE_IN_FRAMEWORK_HEADER = YES;
				CLANG_WARN_RANGE_LOOP_ANALYSIS = YES;
				CLANG_WARN_STRICT_PROTOTYPES = YES;
				CLANG_WARN_SUSPICIOUS_MOVE = YES;
				CLANG_WARN_UNGUARDED_AVAILABILITY = YES_AGGRESSIVE;
				CLANG_WARN_UNREACHABLE_CODE = YES;
				CLANG_WARN__DUPLICATE_METHOD_MATCH = YES;
				COPY_PHASE_STRIP = NO;
				CURRENT_PROJECT_VERSION = 1;
				DEBUG_INFORMATION_FORMAT = dwarf;
				ENABLE_STRICT_OBJC_MSGSEND = YES;
				ENABLE_TESTABILITY = YES;
				GCC_C_LANGUAGE_STANDARD = gnu11;
				GCC_DYNAMIC_NO_PIC = NO;
				GCC_NO_COMMON_BLOCKS = YES;
				GCC_OPTIMIZATION_LEVEL = 0;
				GCC_PREPROCESSOR_DEFINITIONS = (
					"DEBUG=1",
					"$(inherited)",
				);
				GCC_WARN_64_TO_32_BIT_CONVERSION = YES;
				GCC_WARN_ABOUT_RETURN_TYPE = YES_ERROR;
				GCC_WARN_UNDECLARED_SELECTOR = YES;
				GCC_WARN_UNINITIALIZED_AUTOS = YES_AGGRESSIVE;
				GCC_WARN_UNUSED_FUNCTION = YES;
				GCC_WARN_UNUSED_VARIABLE = YES;
				IPHONEOS_DEPLOYMENT_TARGET = 15.2;
				MTL_ENABLE_DEBUG_INFO = INCLUDE_SOURCE;
				MTL_FAST_MATH = YES;
				ONLY_ACTIVE_ARCH = YES;
				SDKROOT = iphoneos;
				SWIFT_ACTIVE_COMPILATION_CONDITIONS = DEBUG;
				SWIFT_OPTIMIZATION_LEVEL = "-Onone";
				VERSIONING_SYSTEM = "apple-generic";
				VERSION_INFO_PREFIX = "";
			};
			name = Debug;
		};
		67BA3DCF28C8749D0033EDFB /* Release */ = {
			isa = XCBuildConfiguration;
			buildSettings = {
				ALWAYS_SEARCH_USER_PATHS = NO;
				CLANG_ANALYZER_NONNULL = YES;
				CLANG_ANALYZER_NUMBER_OBJECT_CONVERSION = YES_AGGRESSIVE;
				CLANG_CXX_LANGUAGE_STANDARD = "gnu++17";
				CLANG_CXX_LIBRARY = "libc++";
				CLANG_ENABLE_MODULES = YES;
				CLANG_ENABLE_OBJC_ARC = YES;
				CLANG_ENABLE_OBJC_WEAK = YES;
				CLANG_WARN_BLOCK_CAPTURE_AUTORELEASING = YES;
				CLANG_WARN_BOOL_CONVERSION = YES;
				CLANG_WARN_COMMA = YES;
				CLANG_WARN_CONSTANT_CONVERSION = YES;
				CLANG_WARN_DEPRECATED_OBJC_IMPLEMENTATIONS = YES;
				CLANG_WARN_DIRECT_OBJC_ISA_USAGE = YES_ERROR;
				CLANG_WARN_DOCUMENTATION_COMMENTS = YES;
				CLANG_WARN_EMPTY_BODY = YES;
				CLANG_WARN_ENUM_CONVERSION = YES;
				CLANG_WARN_INFINITE_RECURSION = YES;
				CLANG_WARN_INT_CONVERSION = YES;
				CLANG_WARN_NON_LITERAL_NULL_CONVERSION = YES;
				CLANG_WARN_OBJC_IMPLICIT_RETAIN_SELF = YES;
				CLANG_WARN_OBJC_LITERAL_CONVERSION = YES;
				CLANG_WARN_OBJC_ROOT_CLASS = YES_ERROR;
				CLANG_WARN_QUOTED_INCLUDE_IN_FRAMEWORK_HEADER = YES;
				CLANG_WARN_RANGE_LOOP_ANALYSIS = YES;
				CLANG_WARN_STRICT_PROTOTYPES = YES;
				CLANG_WARN_SUSPICIOUS_MOVE = YES;
				CLANG_WARN_UNGUARDED_AVAILABILITY = YES_AGGRESSIVE;
				CLANG_WARN_UNREACHABLE_CODE = YES;
				CLANG_WARN__DUPLICATE_METHOD_MATCH = YES;
				COPY_PHASE_STRIP = NO;
				CURRENT_PROJECT_VERSION = 1;
				DEBUG_INFORMATION_FORMAT = "dwarf-with-dsym";
				ENABLE_NS_ASSERTIONS = NO;
				ENABLE_STRICT_OBJC_MSGSEND = YES;
				GCC_C_LANGUAGE_STANDARD = gnu11;
				GCC_NO_COMMON_BLOCKS = YES;
				GCC_WARN_64_TO_32_BIT_CONVERSION = YES;
				GCC_WARN_ABOUT_RETURN_TYPE = YES_ERROR;
				GCC_WARN_UNDECLARED_SELECTOR = YES;
				GCC_WARN_UNINITIALIZED_AUTOS = YES_AGGRESSIVE;
				GCC_WARN_UNUSED_FUNCTION = YES;
				GCC_WARN_UNUSED_VARIABLE = YES;
				IPHONEOS_DEPLOYMENT_TARGET = 15.2;
				MTL_ENABLE_DEBUG_INFO = NO;
				MTL_FAST_MATH = YES;
				SDKROOT = iphoneos;
				SWIFT_COMPILATION_MODE = wholemodule;
				SWIFT_OPTIMIZATION_LEVEL = "-O";
				VALIDATE_PRODUCT = YES;
				VERSIONING_SYSTEM = "apple-generic";
				VERSION_INFO_PREFIX = "";
			};
			name = Release;
		};
		67BA3DD128C8749D0033EDFB /* Debug */ = {
			isa = XCBuildConfiguration;
			buildSettings = {
				CODE_SIGN_STYLE = Automatic;
				CURRENT_PROJECT_VERSION = 1;
				DEFINES_MODULE = YES;
				DYLIB_COMPATIBILITY_VERSION = 1;
				DYLIB_CURRENT_VERSION = 1;
				DYLIB_INSTALL_NAME_BASE = "@rpath";
				GENERATE_INFOPLIST_FILE = YES;
				INFOPLIST_KEY_NSHumanReadableCopyright = "";
				INSTALL_PATH = "$(LOCAL_LIBRARY_DIR)/Frameworks";
				LD_RUNPATH_SEARCH_PATHS = (
					"$(inherited)",
					"@executable_path/Frameworks",
					"@loader_path/Frameworks",
				);
				MARKETING_VERSION = 1.0;
				PRODUCT_BUNDLE_IDENTIFIER = com.organiser.LPSwiftyLib;
				PRODUCT_NAME = "$(TARGET_NAME:c99extidentifier)";
				SKIP_INSTALL = YES;
				SWIFT_EMIT_LOC_STRINGS = YES;
				SWIFT_VERSION = 5.0;
				TARGETED_DEVICE_FAMILY = "1,2";
			};
			name = Debug;
		};
		67BA3DD228C8749D0033EDFB /* Release */ = {
			isa = XCBuildConfiguration;
			buildSettings = {
				CODE_SIGN_STYLE = Automatic;
				CURRENT_PROJECT_VERSION = 1;
				DEFINES_MODULE = YES;
				DYLIB_COMPATIBILITY_VERSION = 1;
				DYLIB_CURRENT_VERSION = 1;
				DYLIB_INSTALL_NAME_BASE = "@rpath";
				GENERATE_INFOPLIST_FILE = YES;
				INFOPLIST_KEY_NSHumanReadableCopyright = "";
				INSTALL_PATH = "$(LOCAL_LIBRARY_DIR)/Frameworks";
				LD_RUNPATH_SEARCH_PATHS = (
					"$(inherited)",
					"@executable_path/Frameworks",
					"@loader_path/Frameworks",
				);
				MARKETING_VERSION = 1.0;
				PRODUCT_BUNDLE_IDENTIFIER = com.organiser.LPSwiftyLib;
				PRODUCT_NAME = "$(TARGET_NAME:c99extidentifier)";
				SKIP_INSTALL = YES;
				SWIFT_EMIT_LOC_STRINGS = YES;
				SWIFT_VERSION = 5.0;
				TARGETED_DEVICE_FAMILY = "1,2";
			};
			name = Release;
		};
		67BA3DD428C8749D0033EDFB /* Debug */ = {
			isa = XCBuildConfiguration;
			buildSettings = {
				CODE_SIGN_STYLE = Automatic;
				CURRENT_PROJECT_VERSION = 1;
				GENERATE_INFOPLIST_FILE = YES;
				MARKETING_VERSION = 1.0;
				PRODUCT_BUNDLE_IDENTIFIER = com.organiser.LPSwiftyLibTests;
				PRODUCT_NAME = "$(TARGET_NAME)";
				SWIFT_EMIT_LOC_STRINGS = NO;
				SWIFT_VERSION = 5.0;
				TARGETED_DEVICE_FAMILY = "1,2";
			};
			name = Debug;
		};
		67BA3DD528C8749D0033EDFB /* Release */ = {
			isa = XCBuildConfiguration;
			buildSettings = {
				CODE_SIGN_STYLE = Automatic;
				CURRENT_PROJECT_VERSION = 1;
				GENERATE_INFOPLIST_FILE = YES;
				MARKETING_VERSION = 1.0;
				PRODUCT_BUNDLE_IDENTIFIER = com.organiser.LPSwiftyLibTests;
				PRODUCT_NAME = "$(TARGET_NAME)";
				SWIFT_EMIT_LOC_STRINGS = NO;
				SWIFT_VERSION = 5.0;
				TARGETED_DEVICE_FAMILY = "1,2";
			};
			name = Release;
		};
/* End XCBuildConfiguration section */

/* Begin XCConfigurationList section */
		67BA3DB628C8749D0033EDFB /* Build configuration list for PBXProject "LPSwiftyLib" */ = {
			isa = XCConfigurationList;
			buildConfigurations = (
				67BA3DCE28C8749D0033EDFB /* Debug */,
				67BA3DCF28C8749D0033EDFB /* Release */,
			);
			defaultConfigurationIsVisible = 0;
			defaultConfigurationName = Release;
		};
		67BA3DD028C8749D0033EDFB /* Build configuration list for PBXNativeTarget "LPSwiftyLib" */ = {
			isa = XCConfigurationList;
			buildConfigurations = (
				67BA3DD128C8749D0033EDFB /* Debug */,
				67BA3DD228C8749D0033EDFB /* Release */,
			);
			defaultConfigurationIsVisible = 0;
			defaultConfigurationName = Release;
		};
		67BA3DD328C8749D0033EDFB /* Build configuration list for PBXNativeTarget "LPSwiftyLibTests" */ = {
			isa = XCConfigurationList;
			buildConfigurations = (
				67BA3DD428C8749D0033EDFB /* Debug */,
				67BA3DD528C8749D0033EDFB /* Release */,
			);
			defaultConfigurationIsVisible = 0;
			defaultConfigurationName = Release;
		};
/* End XCConfigurationList section */
	};
	rootObject = 67BA3DB328C8749D0033EDFB /* Project object */;
}
